
Microsoft Visual Studio Solution File, Format Version 12.00
# Visual Studio Version 16
VisualStudioVersion = 16.0.30406.217
MinimumVisualStudioVersion = 10.0.40219.1
Project("{9A19103F-16F7-4668-BE54-9A1E7A4F7556}") = "Decuplr.Sourceberg", "src\Decuplr.Sourceberg\Decuplr.Sourceberg.csproj", "{65D0902A-008F-4B5F-A6B0-481F78448AE5}"
EndProject
Project("{9A19103F-16F7-4668-BE54-9A1E7A4F7556}") = "Decuplr.Sourceberg.Generator", "src\Analyzers\Decuplr.Sourceberg.Generator\Decuplr.Sourceberg.Generator.csproj", "{CD35C578-DBC7-4541-81DF-C7B6A1AAF6BC}"
EndProject
Project("{9A19103F-16F7-4668-BE54-9A1E7A4F7556}") = "Decuplr.Sourceberg.Diagnostics", "src\Decuplr.Sourceberg.Diagnostics\Decuplr.Sourceberg.Diagnostics.csproj", "{5A62B23C-929A-46B2-9E27-872756D8EDA7}"
EndProject
Project("{9A19103F-16F7-4668-BE54-9A1E7A4F7556}") = "Decuplr.Sourceberg.Diagnostics.Generator", "src\Analyzers\Decuplr.Sourceberg.Diagnostics.Generator\Decuplr.Sourceberg.Diagnostics.Generator.csproj", "{86C0BE3D-955F-47AC-8E7E-7547AE67EEF5}"
EndProject
Project("{2150E333-8FDC-42A3-9474-1A3956D46DE8}") = "Unit Tests", "Unit Tests", "{E212A2E9-D5C0-47B4-A379-F3411741F1C4}"
EndProject
Project("{9A19103F-16F7-4668-BE54-9A1E7A4F7556}") = "Decuplr.Sourceberg.Diagnostics.Generator.Tests", "test\Decuplr.Sourceberg.Diagnostics.Generator.Tests\Decuplr.Sourceberg.Diagnostics.Generator.Tests.csproj", "{176005C3-62B2-4903-8A5D-CB4AA6BEEF77}"
EndProject
Project("{9A19103F-16F7-4668-BE54-9A1E7A4F7556}") = "Decuplr.Sourceberg.TestUtilities", "test\Decuplr.Sourceberg.TestUtilities\Decuplr.Sourceberg.TestUtilities.csproj", "{BB90F4EE-9FF6-4FF6-A00B-D937B92D7E53}"
EndProject
Project("{2150E333-8FDC-42A3-9474-1A3956D46DE8}") = "Analyzers", "Analyzers", "{50C9B622-E4FD-4957-91E6-1FB65729E9C0}"
EndProject
Project("{9A19103F-16F7-4668-BE54-9A1E7A4F7556}") = "Decuplr.Sourceberg.CodeBuilder", "src\Decuplr.Sourceberg.CodeBuilder\Decuplr.Sourceberg.CodeBuilder.csproj", "{49BA6789-C242-4016-A32F-3FCDA27ACE5A}"
EndProject
Project("{2150E333-8FDC-42A3-9474-1A3956D46DE8}") = "Solution Items", "Solution Items", "{C8D04412-DFFD-4A2A-AE4A-066816AEE0AC}"
	ProjectSection(SolutionItems) = preProject
		.editorconfig = .editorconfig
		Directory.Build.props = Directory.Build.props
		Directory.Build.targets = Directory.Build.targets
	EndProjectSection
EndProject
Global
	GlobalSection(SolutionConfigurationPlatforms) = preSolution
		Debug|Any CPU = Debug|Any CPU
		Release|Any CPU = Release|Any CPU
	EndGlobalSection
	GlobalSection(ProjectConfigurationPlatforms) = postSolution
		{65D0902A-008F-4B5F-A6B0-481F78448AE5}.Debug|Any CPU.ActiveCfg = Debug|Any CPU
		{65D0902A-008F-4B5F-A6B0-481F78448AE5}.Debug|Any CPU.Build.0 = Debug|Any CPU
		{65D0902A-008F-4B5F-A6B0-481F78448AE5}.Release|Any CPU.ActiveCfg = Release|Any CPU
		{65D0902A-008F-4B5F-A6B0-481F78448AE5}.Release|Any CPU.Build.0 = Release|Any CPU
		{CD35C578-DBC7-4541-81DF-C7B6A1AAF6BC}.Debug|Any CPU.ActiveCfg = Debug|Any CPU
		{CD35C578-DBC7-4541-81DF-C7B6A1AAF6BC}.Debug|Any CPU.Build.0 = Debug|Any CPU
		{CD35C578-DBC7-4541-81DF-C7B6A1AAF6BC}.Release|Any CPU.ActiveCfg = Release|Any CPU
		{CD35C578-DBC7-4541-81DF-C7B6A1AAF6BC}.Release|Any CPU.Build.0 = Release|Any CPU
		{5A62B23C-929A-46B2-9E27-872756D8EDA7}.Debug|Any CPU.ActiveCfg = Debug|Any CPU
		{5A62B23C-929A-46B2-9E27-872756D8EDA7}.Debug|Any CPU.Build.0 = Debug|Any CPU
		{5A62B23C-929A-46B2-9E27-872756D8EDA7}.Release|Any CPU.ActiveCfg = Release|Any CPU
		{5A62B23C-929A-46B2-9E27-872756D8EDA7}.Release|Any CPU.Build.0 = Release|Any CPU
		{86C0BE3D-955F-47AC-8E7E-7547AE67EEF5}.Debug|Any CPU.ActiveCfg = Debug|Any CPU
		{86C0BE3D-955F-47AC-8E7E-7547AE67EEF5}.Debug|Any CPU.Build.0 = Debug|Any CPU
		{86C0BE3D-955F-47AC-8E7E-7547AE67EEF5}.Release|Any CPU.ActiveCfg = Release|Any CPU
		{86C0BE3D-955F-47AC-8E7E-7547AE67EEF5}.Release|Any CPU.Build.0 = Release|Any CPU
		{176005C3-62B2-4903-8A5D-CB4AA6BEEF77}.Debug|Any CPU.ActiveCfg = Debug|Any CPU
		{176005C3-62B2-4903-8A5D-CB4AA6BEEF77}.Debug|Any CPU.Build.0 = Debug|Any CPU
		{176005C3-62B2-4903-8A5D-CB4AA6BEEF77}.Release|Any CPU.ActiveCfg = Release|Any CPU
		{176005C3-62B2-4903-8A5D-CB4AA6BEEF77}.Release|Any CPU.Build.0 = Release|Any CPU
		{BB90F4EE-9FF6-4FF6-A00B-D937B92D7E53}.Debug|Any CPU.ActiveCfg = Debug|Any CPU
		{BB90F4EE-9FF6-4FF6-A00B-D937B92D7E53}.Debug|Any CPU.Build.0 = Debug|Any CPU
		{BB90F4EE-9FF6-4FF6-A00B-D937B92D7E53}.Release|Any CPU.ActiveCfg = Release|Any CPU
		{BB90F4EE-9FF6-4FF6-A00B-D937B92D7E53}.Release|Any CPU.Build.0 = Release|Any CPU
		{49BA6789-C242-4016-A32F-3FCDA27ACE5A}.Debug|Any CPU.ActiveCfg = Debug|Any CPU
		{49BA6789-C242-4016-A32F-3FCDA27ACE5A}.Debug|Any CPU.Build.0 = Debug|Any CPU
		{49BA6789-C242-4016-A32F-3FCDA27ACE5A}.Release|Any CPU.ActiveCfg = Release|Any CPU
		{49BA6789-C242-4016-A32F-3FCDA27ACE5A}.Release|Any CPU.Build.0 = Release|Any CPU
	EndGlobalSection
	GlobalSection(SolutionProperties) = preSolution
		HideSolutionNode = FALSE
	EndGlobalSection
	GlobalSection(NestedProjects) = preSolution
		{CD35C578-DBC7-4541-81DF-C7B6A1AAF6BC} = {50C9B622-E4FD-4957-91E6-1FB65729E9C0}
		{86C0BE3D-955F-47AC-8E7E-7547AE67EEF5} = {50C9B622-E4FD-4957-91E6-1FB65729E9C0}
		{176005C3-62B2-4903-8A5D-CB4AA6BEEF77} = {E212A2E9-D5C0-47B4-A379-F3411741F1C4}
		{BB90F4EE-9FF6-4FF6-A00B-D937B92D7E53} = {E212A2E9-D5C0-47B4-A379-F3411741F1C4}
	EndGlobalSection
	GlobalSection(ExtensibilityGlobals) = postSolution
		SolutionGuid = {8538E34D-4EDD-47BD-A44B-B242038B4C7B}
	EndGlobalSection
EndGlobal
